
Microsoft Visual Studio Solution File, Format Version 12.00
# Visual Studio Version 16
VisualStudioVersion = 16.0.31019.35
MinimumVisualStudioVersion = 10.0.40219.1
Project("{FAE04EC0-301F-11D3-BF4B-00C04F79EFBC}") = "AdressBookProblem", "AdressBookProblem\AdressBookProblem.csproj", "{0D0AFE53-E7A9-48C2-9407-77547C4E46BE}"
EndProject
Global
	GlobalSection(SolutionConfigurationPlatforms) = preSolution
		Debug|Any CPU = Debug|Any CPU
		Release|Any CPU = Release|Any CPU
	EndGlobalSection
	GlobalSection(ProjectConfigurationPlatforms) = postSolution
		{0D0AFE53-E7A9-48C2-9407-77547C4E46BE}.Debug|Any CPU.ActiveCfg = Debug|Any CPU
		{0D0AFE53-E7A9-48C2-9407-77547C4E46BE}.Debug|Any CPU.Build.0 = Debug|Any CPU
		{0D0AFE53-E7A9-48C2-9407-77547C4E46BE}.Release|Any CPU.ActiveCfg = Release|Any CPU
		{0D0AFE53-E7A9-48C2-9407-77547C4E46BE}.Release|Any CPU.Build.0 = Release|Any CPU
	EndGlobalSection
	GlobalSection(SolutionProperties) = preSolution
		HideSolutionNode = FALSE
	EndGlobalSection
	GlobalSection(ExtensibilityGlobals) = postSolution
		SolutionGuid = {FC46ADCE-42CE-4D58-9191-7C73BF5E5210}
	EndGlobalSection
EndGlobal
