
Microsoft Visual Studio Solution File, Format Version 12.00
# Visual Studio Version 16
VisualStudioVersion = 16.0.31019.35
MinimumVisualStudioVersion = 10.0.40219.1
Project("{FAE04EC0-301F-11D3-BF4B-00C04F79EFBC}") = "UC1-CreateContact", "UC1-CreateContact\UC1-CreateContact.csproj", "{331FBBFA-20EF-4646-926A-93818164011C}"
EndProject
Global
	GlobalSection(SolutionConfigurationPlatforms) = preSolution
		Debug|Any CPU = Debug|Any CPU
		Release|Any CPU = Release|Any CPU
	EndGlobalSection
	GlobalSection(ProjectConfigurationPlatforms) = postSolution
		{331FBBFA-20EF-4646-926A-93818164011C}.Debug|Any CPU.ActiveCfg = Debug|Any CPU
		{331FBBFA-20EF-4646-926A-93818164011C}.Debug|Any CPU.Build.0 = Debug|Any CPU
		{331FBBFA-20EF-4646-926A-93818164011C}.Release|Any CPU.ActiveCfg = Release|Any CPU
		{331FBBFA-20EF-4646-926A-93818164011C}.Release|Any CPU.Build.0 = Release|Any CPU
	EndGlobalSection
	GlobalSection(SolutionProperties) = preSolution
		HideSolutionNode = FALSE
	EndGlobalSection
	GlobalSection(ExtensibilityGlobals) = postSolution
		SolutionGuid = {24EAADC5-F098-48F6-8530-D63308C95F2D}
	EndGlobalSection
EndGlobal
